// !$*UTF8*$!
{
	archiveVersion = 1;
	classes = {
	};
	objectVersion = 52;
	objects = {

/* Begin PBXBuildFile section */
		839A86832741C852003F89F8 /* DetailedViewController.swift in Sources */ = {isa = PBXBuildFile; fileRef = 839A86822741C852003F89F8 /* DetailedViewController.swift */; };
		839A871527475037003F89F8 /* CustomHeaderView.swift in Sources */ = {isa = PBXBuildFile; fileRef = 839A871427475037003F89F8 /* CustomHeaderView.swift */; };
		839A87172747505D003F89F8 /* CustomHeaderView.xib in Resources */ = {isa = PBXBuildFile; fileRef = 839A87162747505D003F89F8 /* CustomHeaderView.xib */; };
		B800599A275BEBEC004F8CF1 /* GoogleService-Info.plist in Resources */ = {isa = PBXBuildFile; fileRef = B8005999275BEBEC004F8CF1 /* GoogleService-Info.plist */; };
		B800599D275BF249004F8CF1 /* FirebaseAppDistribution-Beta in Frameworks */ = {isa = PBXBuildFile; productRef = B800599C275BF249004F8CF1 /* FirebaseAppDistribution-Beta */; };
		B800599F275BF249004F8CF1 /* FirebaseAuthCombine-Community in Frameworks */ = {isa = PBXBuildFile; productRef = B800599E275BF249004F8CF1 /* FirebaseAuthCombine-Community */; };
		B80059A1275BF249004F8CF1 /* FirebaseFunctionsCombine-Community in Frameworks */ = {isa = PBXBuildFile; productRef = B80059A0275BF249004F8CF1 /* FirebaseFunctionsCombine-Community */; };
		B80059A3275BF249004F8CF1 /* FirebaseInAppMessagingSwift-Beta in Frameworks */ = {isa = PBXBuildFile; productRef = B80059A2275BF249004F8CF1 /* FirebaseInAppMessagingSwift-Beta */; };
		B80059A5275BF249004F8CF1 /* FirebaseInstallations in Frameworks */ = {isa = PBXBuildFile; productRef = B80059A4275BF249004F8CF1 /* FirebaseInstallations */; };
		B80059A7275BF249004F8CF1 /* FirebaseMessaging in Frameworks */ = {isa = PBXBuildFile; productRef = B80059A6275BF249004F8CF1 /* FirebaseMessaging */; };
		B80059A9275BF249004F8CF1 /* FirebaseInAppMessaging-Beta in Frameworks */ = {isa = PBXBuildFile; productRef = B80059A8275BF249004F8CF1 /* FirebaseInAppMessaging-Beta */; };
		B80059AB275BF249004F8CF1 /* FirebaseStorage in Frameworks */ = {isa = PBXBuildFile; productRef = B80059AA275BF249004F8CF1 /* FirebaseStorage */; };
		B80059AD275BF249004F8CF1 /* FirebaseAppCheck in Frameworks */ = {isa = PBXBuildFile; productRef = B80059AC275BF249004F8CF1 /* FirebaseAppCheck */; };
		B80059AF275BF249004F8CF1 /* FirebaseAnalytics in Frameworks */ = {isa = PBXBuildFile; productRef = B80059AE275BF249004F8CF1 /* FirebaseAnalytics */; };
		B80059B1275BF249004F8CF1 /* FirebaseDatabaseSwift-Beta in Frameworks */ = {isa = PBXBuildFile; productRef = B80059B0275BF249004F8CF1 /* FirebaseDatabaseSwift-Beta */; };
		B80059B3275BF249004F8CF1 /* FirebaseDatabase in Frameworks */ = {isa = PBXBuildFile; productRef = B80059B2275BF249004F8CF1 /* FirebaseDatabase */; };
		B80059B5275BF249004F8CF1 /* FirebaseAnalyticsSwift-Beta in Frameworks */ = {isa = PBXBuildFile; productRef = B80059B4275BF249004F8CF1 /* FirebaseAnalyticsSwift-Beta */; };
		B80059B7275BF249004F8CF1 /* FirebaseFunctions in Frameworks */ = {isa = PBXBuildFile; productRef = B80059B6275BF249004F8CF1 /* FirebaseFunctions */; };
		B80059B9275BF249004F8CF1 /* FirebaseAuth in Frameworks */ = {isa = PBXBuildFile; productRef = B80059B8275BF249004F8CF1 /* FirebaseAuth */; };
		B80059BB275BF249004F8CF1 /* FirebaseAnalyticsWithoutAdIdSupport in Frameworks */ = {isa = PBXBuildFile; productRef = B80059BA275BF249004F8CF1 /* FirebaseAnalyticsWithoutAdIdSupport */; };
		B80059BD275BF249004F8CF1 /* FirebaseRemoteConfig in Frameworks */ = {isa = PBXBuildFile; productRef = B80059BC275BF249004F8CF1 /* FirebaseRemoteConfig */; };
		B80059BF275BF249004F8CF1 /* FirebaseStorageCombine-Community in Frameworks */ = {isa = PBXBuildFile; productRef = B80059BE275BF249004F8CF1 /* FirebaseStorageCombine-Community */; };
		B80059C1275BF249004F8CF1 /* FirebaseStorageSwift-Beta in Frameworks */ = {isa = PBXBuildFile; productRef = B80059C0275BF249004F8CF1 /* FirebaseStorageSwift-Beta */; };
		B83FA9C92743738E00682B24 /* FavViewController.swift in Sources */ = {isa = PBXBuildFile; fileRef = B83FA9C82743738E00682B24 /* FavViewController.swift */; };
		EB3CE825275707650010719E /* ProfileViewController.swift in Sources */ = {isa = PBXBuildFile; fileRef = EB3CE824275707650010719E /* ProfileViewController.swift */; };
		EB3CE8272757094A0010719E /* CreatedRecipesViewController.swift in Sources */ = {isa = PBXBuildFile; fileRef = EB3CE8262757094A0010719E /* CreatedRecipesViewController.swift */; };
		EB3CE82927570A540010719E /* ChosenRecipeViewController.swift in Sources */ = {isa = PBXBuildFile; fileRef = EB3CE82827570A540010719E /* ChosenRecipeViewController.swift */; };
		EB3CE82B27570D9B0010719E /* YourPostsViewController.swift in Sources */ = {isa = PBXBuildFile; fileRef = EB3CE82A27570D9B0010719E /* YourPostsViewController.swift */; };
		EB3CE82D27570E920010719E /* FollowersViewController.swift in Sources */ = {isa = PBXBuildFile; fileRef = EB3CE82C27570E920010719E /* FollowersViewController.swift */; };
		EB3CE82F27570E9C0010719E /* FollowingViewController.swift in Sources */ = {isa = PBXBuildFile; fileRef = EB3CE82E27570E9C0010719E /* FollowingViewController.swift */; };
		EB6EC9B2273B31AF005CC11A /* AppDelegate.swift in Sources */ = {isa = PBXBuildFile; fileRef = EB6EC9B1273B31AF005CC11A /* AppDelegate.swift */; };
		EB6EC9B4273B31AF005CC11A /* ViewController.swift in Sources */ = {isa = PBXBuildFile; fileRef = EB6EC9B3273B31AF005CC11A /* ViewController.swift */; };
		EB6EC9B6273B31AF005CC11A /* Experience.rcproject in Sources */ = {isa = PBXBuildFile; fileRef = EB6EC9B5273B31AF005CC11A /* Experience.rcproject */; };
		EB6EC9B9273B31AF005CC11A /* Main.storyboard in Resources */ = {isa = PBXBuildFile; fileRef = EB6EC9B7273B31AF005CC11A /* Main.storyboard */; };
		EB6EC9BB273B31B0005CC11A /* Assets.xcassets in Resources */ = {isa = PBXBuildFile; fileRef = EB6EC9BA273B31B0005CC11A /* Assets.xcassets */; };
		EB6EC9BE273B31B0005CC11A /* LaunchScreen.storyboard in Resources */ = {isa = PBXBuildFile; fileRef = EB6EC9BC273B31B0005CC11A /* LaunchScreen.storyboard */; };
		EB6EC9C6273ECC16005CC11A /* HomeViewController.swift in Sources */ = {isa = PBXBuildFile; fileRef = EB6EC9C5273ECC16005CC11A /* HomeViewController.swift */; };
		EB7F8530275D2640003B122F /* NewPostViewController.swift in Sources */ = {isa = PBXBuildFile; fileRef = EB7F852F275D2640003B122F /* NewPostViewController.swift */; };
		EB7F8532275D2658003B122F /* RegisterViewController.swift in Sources */ = {isa = PBXBuildFile; fileRef = EB7F8531275D2658003B122F /* RegisterViewController.swift */; };
		F1D9FBBA274464CF00D1F79F /* ScannerViewController.swift in Sources */ = {isa = PBXBuildFile; fileRef = F1D9FBB9274464CF00D1F79F /* ScannerViewController.swift */; };
/* End PBXBuildFile section */

/* Begin PBXFileReference section */
		839A86822741C852003F89F8 /* DetailedViewController.swift */ = {isa = PBXFileReference; lastKnownFileType = sourcecode.swift; path = DetailedViewController.swift; sourceTree = "<group>"; };
		839A871427475037003F89F8 /* CustomHeaderView.swift */ = {isa = PBXFileReference; lastKnownFileType = sourcecode.swift; path = CustomHeaderView.swift; sourceTree = "<group>"; };
		839A87162747505D003F89F8 /* CustomHeaderView.xib */ = {isa = PBXFileReference; lastKnownFileType = file.xib; path = CustomHeaderView.xib; sourceTree = "<group>"; };
		B8005999275BEBEC004F8CF1 /* GoogleService-Info.plist */ = {isa = PBXFileReference; fileEncoding = 4; lastKnownFileType = text.plist.xml; path = "GoogleService-Info.plist"; sourceTree = "<group>"; };
		B83FA9C82743738E00682B24 /* FavViewController.swift */ = {isa = PBXFileReference; lastKnownFileType = sourcecode.swift; path = FavViewController.swift; sourceTree = "<group>"; };
		EB3CE824275707650010719E /* ProfileViewController.swift */ = {isa = PBXFileReference; lastKnownFileType = sourcecode.swift; path = ProfileViewController.swift; sourceTree = "<group>"; };
		EB3CE8262757094A0010719E /* CreatedRecipesViewController.swift */ = {isa = PBXFileReference; lastKnownFileType = sourcecode.swift; path = CreatedRecipesViewController.swift; sourceTree = "<group>"; };
		EB3CE82827570A540010719E /* ChosenRecipeViewController.swift */ = {isa = PBXFileReference; lastKnownFileType = sourcecode.swift; path = ChosenRecipeViewController.swift; sourceTree = "<group>"; };
		EB3CE82A27570D9B0010719E /* YourPostsViewController.swift */ = {isa = PBXFileReference; lastKnownFileType = sourcecode.swift; path = YourPostsViewController.swift; sourceTree = "<group>"; };
		EB3CE82C27570E920010719E /* FollowersViewController.swift */ = {isa = PBXFileReference; lastKnownFileType = sourcecode.swift; path = FollowersViewController.swift; sourceTree = "<group>"; };
		EB3CE82E27570E9C0010719E /* FollowingViewController.swift */ = {isa = PBXFileReference; lastKnownFileType = sourcecode.swift; path = FollowingViewController.swift; sourceTree = "<group>"; };
		EB6EC9AE273B31AF005CC11A /* Rummage.app */ = {isa = PBXFileReference; explicitFileType = wrapper.application; includeInIndex = 0; path = Rummage.app; sourceTree = BUILT_PRODUCTS_DIR; };
		EB6EC9B1273B31AF005CC11A /* AppDelegate.swift */ = {isa = PBXFileReference; lastKnownFileType = sourcecode.swift; path = AppDelegate.swift; sourceTree = "<group>"; };
		EB6EC9B3273B31AF005CC11A /* ViewController.swift */ = {isa = PBXFileReference; lastKnownFileType = sourcecode.swift; path = ViewController.swift; sourceTree = "<group>"; };
		EB6EC9B5273B31AF005CC11A /* Experience.rcproject */ = {isa = PBXFileReference; lastKnownFileType = file.rcproject; path = Experience.rcproject; sourceTree = "<group>"; };
		EB6EC9B8273B31AF005CC11A /* Base */ = {isa = PBXFileReference; lastKnownFileType = file.storyboard; name = Base; path = Base.lproj/Main.storyboard; sourceTree = "<group>"; };
		EB6EC9BA273B31B0005CC11A /* Assets.xcassets */ = {isa = PBXFileReference; lastKnownFileType = folder.assetcatalog; path = Assets.xcassets; sourceTree = "<group>"; };
		EB6EC9BD273B31B0005CC11A /* Base */ = {isa = PBXFileReference; lastKnownFileType = file.storyboard; name = Base; path = Base.lproj/LaunchScreen.storyboard; sourceTree = "<group>"; };
		EB6EC9BF273B31B0005CC11A /* Info.plist */ = {isa = PBXFileReference; lastKnownFileType = text.plist.xml; path = Info.plist; sourceTree = "<group>"; };
		EB6EC9C5273ECC16005CC11A /* HomeViewController.swift */ = {isa = PBXFileReference; lastKnownFileType = sourcecode.swift; path = HomeViewController.swift; sourceTree = "<group>"; };
		EB7F852F275D2640003B122F /* NewPostViewController.swift */ = {isa = PBXFileReference; lastKnownFileType = sourcecode.swift; path = NewPostViewController.swift; sourceTree = "<group>"; };
		EB7F8531275D2658003B122F /* RegisterViewController.swift */ = {isa = PBXFileReference; lastKnownFileType = sourcecode.swift; path = RegisterViewController.swift; sourceTree = "<group>"; };
		F1D9FBB9274464CF00D1F79F /* ScannerViewController.swift */ = {isa = PBXFileReference; lastKnownFileType = sourcecode.swift; path = ScannerViewController.swift; sourceTree = "<group>"; };
/* End PBXFileReference section */

/* Begin PBXFrameworksBuildPhase section */
		EB6EC9AB273B31AF005CC11A /* Frameworks */ = {
			isa = PBXFrameworksBuildPhase;
			buildActionMask = 2147483647;
			files = (
				B80059A7275BF249004F8CF1 /* FirebaseMessaging in Frameworks */,
				B80059C1275BF249004F8CF1 /* FirebaseStorageSwift-Beta in Frameworks */,
				B80059B9275BF249004F8CF1 /* FirebaseAuth in Frameworks */,
				B80059B7275BF249004F8CF1 /* FirebaseFunctions in Frameworks */,
				B80059A9275BF249004F8CF1 /* FirebaseInAppMessaging-Beta in Frameworks */,
				B80059BD275BF249004F8CF1 /* FirebaseRemoteConfig in Frameworks */,
				B800599D275BF249004F8CF1 /* FirebaseAppDistribution-Beta in Frameworks */,
				B80059B5275BF249004F8CF1 /* FirebaseAnalyticsSwift-Beta in Frameworks */,
				B800599F275BF249004F8CF1 /* FirebaseAuthCombine-Community in Frameworks */,
				B80059BB275BF249004F8CF1 /* FirebaseAnalyticsWithoutAdIdSupport in Frameworks */,
				B80059A3275BF249004F8CF1 /* FirebaseInAppMessagingSwift-Beta in Frameworks */,
				B80059AB275BF249004F8CF1 /* FirebaseStorage in Frameworks */,
				B80059B3275BF249004F8CF1 /* FirebaseDatabase in Frameworks */,
				B80059A1275BF249004F8CF1 /* FirebaseFunctionsCombine-Community in Frameworks */,
				B80059AD275BF249004F8CF1 /* FirebaseAppCheck in Frameworks */,
				B80059B1275BF249004F8CF1 /* FirebaseDatabaseSwift-Beta in Frameworks */,
				B80059AF275BF249004F8CF1 /* FirebaseAnalytics in Frameworks */,
				B80059BF275BF249004F8CF1 /* FirebaseStorageCombine-Community in Frameworks */,
				B80059A5275BF249004F8CF1 /* FirebaseInstallations in Frameworks */,
			);
			runOnlyForDeploymentPostprocessing = 0;
		};
/* End PBXFrameworksBuildPhase section */

/* Begin PBXGroup section */
		EB6EC9A5273B31AF005CC11A = {
			isa = PBXGroup;
			children = (
				EB6EC9B0273B31AF005CC11A /* Rummage */,
				EB6EC9AF273B31AF005CC11A /* Products */,
			);
			sourceTree = "<group>";
		};
		EB6EC9AF273B31AF005CC11A /* Products */ = {
			isa = PBXGroup;
			children = (
				EB6EC9AE273B31AF005CC11A /* Rummage.app */,
			);
			name = Products;
			sourceTree = "<group>";
		};
		EB6EC9B0273B31AF005CC11A /* Rummage */ = {
			isa = PBXGroup;
			children = (
				EB6EC9B1273B31AF005CC11A /* AppDelegate.swift */,
				EB6EC9B3273B31AF005CC11A /* ViewController.swift */,
				F1D9FBB9274464CF00D1F79F /* ScannerViewController.swift */,
				EB6EC9C5273ECC16005CC11A /* HomeViewController.swift */,
				EB6EC9B5273B31AF005CC11A /* Experience.rcproject */,
				EB6EC9B7273B31AF005CC11A /* Main.storyboard */,
				EB7F8531275D2658003B122F /* RegisterViewController.swift */,
				EB7F852F275D2640003B122F /* NewPostViewController.swift */,
				EB3CE82C27570E920010719E /* FollowersViewController.swift */,
				EB3CE82E27570E9C0010719E /* FollowingViewController.swift */,
				EB3CE82A27570D9B0010719E /* YourPostsViewController.swift */,
				EB3CE8262757094A0010719E /* CreatedRecipesViewController.swift */,
				EB3CE82827570A540010719E /* ChosenRecipeViewController.swift */,
				EB3CE824275707650010719E /* ProfileViewController.swift */,
				839A871427475037003F89F8 /* CustomHeaderView.swift */,
				839A87162747505D003F89F8 /* CustomHeaderView.xib */,
				839A86822741C852003F89F8 /* DetailedViewController.swift */,
				EB6EC9BA273B31B0005CC11A /* Assets.xcassets */,
				EB6EC9BC273B31B0005CC11A /* LaunchScreen.storyboard */,
				EB6EC9BF273B31B0005CC11A /* Info.plist */,
				B83FA9C82743738E00682B24 /* FavViewController.swift */,
				B8005999275BEBEC004F8CF1 /* GoogleService-Info.plist */,
			);
			path = Rummage;
			sourceTree = "<group>";
		};
/* End PBXGroup section */

/* Begin PBXNativeTarget section */
		EB6EC9AD273B31AF005CC11A /* Rummage */ = {
			isa = PBXNativeTarget;
			buildConfigurationList = EB6EC9C2273B31B0005CC11A /* Build configuration list for PBXNativeTarget "Rummage" */;
			buildPhases = (
				EB6EC9AA273B31AF005CC11A /* Sources */,
				EB6EC9AB273B31AF005CC11A /* Frameworks */,
				EB6EC9AC273B31AF005CC11A /* Resources */,
			);
			buildRules = (
			);
			dependencies = (
			);
			name = Rummage;
			packageProductDependencies = (
				B800599C275BF249004F8CF1 /* FirebaseAppDistribution-Beta */,
				B800599E275BF249004F8CF1 /* FirebaseAuthCombine-Community */,
				B80059A0275BF249004F8CF1 /* FirebaseFunctionsCombine-Community */,
				B80059A2275BF249004F8CF1 /* FirebaseInAppMessagingSwift-Beta */,
				B80059A4275BF249004F8CF1 /* FirebaseInstallations */,
				B80059A6275BF249004F8CF1 /* FirebaseMessaging */,
				B80059A8275BF249004F8CF1 /* FirebaseInAppMessaging-Beta */,
				B80059AA275BF249004F8CF1 /* FirebaseStorage */,
				B80059AC275BF249004F8CF1 /* FirebaseAppCheck */,
				B80059AE275BF249004F8CF1 /* FirebaseAnalytics */,
				B80059B0275BF249004F8CF1 /* FirebaseDatabaseSwift-Beta */,
				B80059B2275BF249004F8CF1 /* FirebaseDatabase */,
				B80059B4275BF249004F8CF1 /* FirebaseAnalyticsSwift-Beta */,
				B80059B6275BF249004F8CF1 /* FirebaseFunctions */,
				B80059B8275BF249004F8CF1 /* FirebaseAuth */,
				B80059BA275BF249004F8CF1 /* FirebaseAnalyticsWithoutAdIdSupport */,
				B80059BC275BF249004F8CF1 /* FirebaseRemoteConfig */,
				B80059BE275BF249004F8CF1 /* FirebaseStorageCombine-Community */,
				B80059C0275BF249004F8CF1 /* FirebaseStorageSwift-Beta */,
			);
			productName = Rummage;
			productReference = EB6EC9AE273B31AF005CC11A /* Rummage.app */;
			productType = "com.apple.product-type.application";
		};
/* End PBXNativeTarget section */

/* Begin PBXProject section */
		EB6EC9A6273B31AF005CC11A /* Project object */ = {
			isa = PBXProject;
			attributes = {
				LastSwiftUpdateCheck = 1250;
				LastUpgradeCheck = 1250;
				TargetAttributes = {
					EB6EC9AD273B31AF005CC11A = {
						CreatedOnToolsVersion = 12.5.1;
					};
				};
			};
			buildConfigurationList = EB6EC9A9273B31AF005CC11A /* Build configuration list for PBXProject "Rummage" */;
			compatibilityVersion = "Xcode 9.3";
			developmentRegion = en;
			hasScannedForEncodings = 0;
			knownRegions = (
				en,
				Base,
			);
			mainGroup = EB6EC9A5273B31AF005CC11A;
			packageReferences = (
				B800599B275BF249004F8CF1 /* XCRemoteSwiftPackageReference "firebase-ios-sdk" */,
			);
			productRefGroup = EB6EC9AF273B31AF005CC11A /* Products */;
			projectDirPath = "";
			projectRoot = "";
			targets = (
				EB6EC9AD273B31AF005CC11A /* Rummage */,
			);
		};
/* End PBXProject section */

/* Begin PBXResourcesBuildPhase section */
		EB6EC9AC273B31AF005CC11A /* Resources */ = {
			isa = PBXResourcesBuildPhase;
			buildActionMask = 2147483647;
			files = (
				839A87172747505D003F89F8 /* CustomHeaderView.xib in Resources */,
				EB6EC9BE273B31B0005CC11A /* LaunchScreen.storyboard in Resources */,
				B800599A275BEBEC004F8CF1 /* GoogleService-Info.plist in Resources */,
				EB6EC9BB273B31B0005CC11A /* Assets.xcassets in Resources */,
				EB6EC9B9273B31AF005CC11A /* Main.storyboard in Resources */,
			);
			runOnlyForDeploymentPostprocessing = 0;
		};
/* End PBXResourcesBuildPhase section */

/* Begin PBXSourcesBuildPhase section */
		EB6EC9AA273B31AF005CC11A /* Sources */ = {
			isa = PBXSourcesBuildPhase;
			buildActionMask = 2147483647;
			files = (
				839A871527475037003F89F8 /* CustomHeaderView.swift in Sources */,
				F1D9FBBA274464CF00D1F79F /* ScannerViewController.swift in Sources */,
				B83FA9C92743738E00682B24 /* FavViewController.swift in Sources */,
				EB3CE8272757094A0010719E /* CreatedRecipesViewController.swift in Sources */,
				EB3CE82F27570E9C0010719E /* FollowingViewController.swift in Sources */,
				EB6EC9B4273B31AF005CC11A /* ViewController.swift in Sources */,
				EB6EC9B2273B31AF005CC11A /* AppDelegate.swift in Sources */,
				EB3CE82927570A540010719E /* ChosenRecipeViewController.swift in Sources */,
				EB3CE82B27570D9B0010719E /* YourPostsViewController.swift in Sources */,
				839A86832741C852003F89F8 /* DetailedViewController.swift in Sources */,
				EB3CE825275707650010719E /* ProfileViewController.swift in Sources */,
				EB7F8532275D2658003B122F /* RegisterViewController.swift in Sources */,
				EB3CE82D27570E920010719E /* FollowersViewController.swift in Sources */,
				EB6EC9B6273B31AF005CC11A /* Experience.rcproject in Sources */,
				EB6EC9C6273ECC16005CC11A /* HomeViewController.swift in Sources */,
				EB7F8530275D2640003B122F /* NewPostViewController.swift in Sources */,
			);
			runOnlyForDeploymentPostprocessing = 0;
		};
/* End PBXSourcesBuildPhase section */

/* Begin PBXVariantGroup section */
		EB6EC9B7273B31AF005CC11A /* Main.storyboard */ = {
			isa = PBXVariantGroup;
			children = (
				EB6EC9B8273B31AF005CC11A /* Base */,
			);
			name = Main.storyboard;
			sourceTree = "<group>";
		};
		EB6EC9BC273B31B0005CC11A /* LaunchScreen.storyboard */ = {
			isa = PBXVariantGroup;
			children = (
				EB6EC9BD273B31B0005CC11A /* Base */,
			);
			name = LaunchScreen.storyboard;
			sourceTree = "<group>";
		};
/* End PBXVariantGroup section */

/* Begin XCBuildConfiguration section */
		EB6EC9C0273B31B0005CC11A /* Debug */ = {
			isa = XCBuildConfiguration;
			buildSettings = {
				ALWAYS_SEARCH_USER_PATHS = NO;
				CLANG_ANALYZER_NONNULL = YES;
				CLANG_ANALYZER_NUMBER_OBJECT_CONVERSION = YES_AGGRESSIVE;
				CLANG_CXX_LANGUAGE_STANDARD = "gnu++14";
				CLANG_CXX_LIBRARY = "libc++";
				CLANG_ENABLE_MODULES = YES;
				CLANG_ENABLE_OBJC_ARC = YES;
				CLANG_ENABLE_OBJC_WEAK = YES;
				CLANG_WARN_BLOCK_CAPTURE_AUTORELEASING = YES;
				CLANG_WARN_BOOL_CONVERSION = YES;
				CLANG_WARN_COMMA = YES;
				CLANG_WARN_CONSTANT_CONVERSION = YES;
				CLANG_WARN_DEPRECATED_OBJC_IMPLEMENTATIONS = YES;
				CLANG_WARN_DIRECT_OBJC_ISA_USAGE = YES_ERROR;
				CLANG_WARN_DOCUMENTATION_COMMENTS = YES;
				CLANG_WARN_EMPTY_BODY = YES;
				CLANG_WARN_ENUM_CONVERSION = YES;
				CLANG_WARN_INFINITE_RECURSION = YES;
				CLANG_WARN_INT_CONVERSION = YES;
				CLANG_WARN_NON_LITERAL_NULL_CONVERSION = YES;
				CLANG_WARN_OBJC_IMPLICIT_RETAIN_SELF = YES;
				CLANG_WARN_OBJC_LITERAL_CONVERSION = YES;
				CLANG_WARN_OBJC_ROOT_CLASS = YES_ERROR;
				CLANG_WARN_QUOTED_INCLUDE_IN_FRAMEWORK_HEADER = YES;
				CLANG_WARN_RANGE_LOOP_ANALYSIS = YES;
				CLANG_WARN_STRICT_PROTOTYPES = YES;
				CLANG_WARN_SUSPICIOUS_MOVE = YES;
				CLANG_WARN_UNGUARDED_AVAILABILITY = YES_AGGRESSIVE;
				CLANG_WARN_UNREACHABLE_CODE = YES;
				CLANG_WARN__DUPLICATE_METHOD_MATCH = YES;
				COPY_PHASE_STRIP = NO;
				DEBUG_INFORMATION_FORMAT = dwarf;
				ENABLE_STRICT_OBJC_MSGSEND = YES;
				ENABLE_TESTABILITY = YES;
				GCC_C_LANGUAGE_STANDARD = gnu11;
				GCC_DYNAMIC_NO_PIC = NO;
				GCC_NO_COMMON_BLOCKS = YES;
				GCC_OPTIMIZATION_LEVEL = 0;
				GCC_PREPROCESSOR_DEFINITIONS = (
					"DEBUG=1",
					"$(inherited)",
				);
				GCC_WARN_64_TO_32_BIT_CONVERSION = YES;
				GCC_WARN_ABOUT_RETURN_TYPE = YES_ERROR;
				GCC_WARN_UNDECLARED_SELECTOR = YES;
				GCC_WARN_UNINITIALIZED_AUTOS = YES_AGGRESSIVE;
				GCC_WARN_UNUSED_FUNCTION = YES;
				GCC_WARN_UNUSED_VARIABLE = YES;
				IPHONEOS_DEPLOYMENT_TARGET = 14.5;
				MTL_ENABLE_DEBUG_INFO = INCLUDE_SOURCE;
				MTL_FAST_MATH = YES;
				ONLY_ACTIVE_ARCH = YES;
				SDKROOT = iphoneos;
				SWIFT_ACTIVE_COMPILATION_CONDITIONS = DEBUG;
				SWIFT_OPTIMIZATION_LEVEL = "-Onone";
			};
			name = Debug;
		};
		EB6EC9C1273B31B0005CC11A /* Release */ = {
			isa = XCBuildConfiguration;
			buildSettings = {
				ALWAYS_SEARCH_USER_PATHS = NO;
				CLANG_ANALYZER_NONNULL = YES;
				CLANG_ANALYZER_NUMBER_OBJECT_CONVERSION = YES_AGGRESSIVE;
				CLANG_CXX_LANGUAGE_STANDARD = "gnu++14";
				CLANG_CXX_LIBRARY = "libc++";
				CLANG_ENABLE_MODULES = YES;
				CLANG_ENABLE_OBJC_ARC = YES;
				CLANG_ENABLE_OBJC_WEAK = YES;
				CLANG_WARN_BLOCK_CAPTURE_AUTORELEASING = YES;
				CLANG_WARN_BOOL_CONVERSION = YES;
				CLANG_WARN_COMMA = YES;
				CLANG_WARN_CONSTANT_CONVERSION = YES;
				CLANG_WARN_DEPRECATED_OBJC_IMPLEMENTATIONS = YES;
				CLANG_WARN_DIRECT_OBJC_ISA_USAGE = YES_ERROR;
				CLANG_WARN_DOCUMENTATION_COMMENTS = YES;
				CLANG_WARN_EMPTY_BODY = YES;
				CLANG_WARN_ENUM_CONVERSION = YES;
				CLANG_WARN_INFINITE_RECURSION = YES;
				CLANG_WARN_INT_CONVERSION = YES;
				CLANG_WARN_NON_LITERAL_NULL_CONVERSION = YES;
				CLANG_WARN_OBJC_IMPLICIT_RETAIN_SELF = YES;
				CLANG_WARN_OBJC_LITERAL_CONVERSION = YES;
				CLANG_WARN_OBJC_ROOT_CLASS = YES_ERROR;
				CLANG_WARN_QUOTED_INCLUDE_IN_FRAMEWORK_HEADER = YES;
				CLANG_WARN_RANGE_LOOP_ANALYSIS = YES;
				CLANG_WARN_STRICT_PROTOTYPES = YES;
				CLANG_WARN_SUSPICIOUS_MOVE = YES;
				CLANG_WARN_UNGUARDED_AVAILABILITY = YES_AGGRESSIVE;
				CLANG_WARN_UNREACHABLE_CODE = YES;
				CLANG_WARN__DUPLICATE_METHOD_MATCH = YES;
				COPY_PHASE_STRIP = NO;
				DEBUG_INFORMATION_FORMAT = "dwarf-with-dsym";
				ENABLE_NS_ASSERTIONS = NO;
				ENABLE_STRICT_OBJC_MSGSEND = YES;
				GCC_C_LANGUAGE_STANDARD = gnu11;
				GCC_NO_COMMON_BLOCKS = YES;
				GCC_WARN_64_TO_32_BIT_CONVERSION = YES;
				GCC_WARN_ABOUT_RETURN_TYPE = YES_ERROR;
				GCC_WARN_UNDECLARED_SELECTOR = YES;
				GCC_WARN_UNINITIALIZED_AUTOS = YES_AGGRESSIVE;
				GCC_WARN_UNUSED_FUNCTION = YES;
				GCC_WARN_UNUSED_VARIABLE = YES;
				IPHONEOS_DEPLOYMENT_TARGET = 14.5;
				MTL_ENABLE_DEBUG_INFO = NO;
				MTL_FAST_MATH = YES;
				SDKROOT = iphoneos;
				SWIFT_COMPILATION_MODE = wholemodule;
				SWIFT_OPTIMIZATION_LEVEL = "-O";
				VALIDATE_PRODUCT = YES;
			};
			name = Release;
		};
		EB6EC9C3273B31B0005CC11A /* Debug */ = {
			isa = XCBuildConfiguration;
			buildSettings = {
				ASSETCATALOG_COMPILER_APPICON_NAME = AppIcon;
				ASSETCATALOG_COMPILER_GLOBAL_ACCENT_COLOR_NAME = AccentColor;
				CODE_SIGN_STYLE = Automatic;
				DEVELOPMENT_TEAM = THJ4V8DHNA;
				INFOPLIST_FILE = Rummage/Info.plist;
				LD_RUNPATH_SEARCH_PATHS = (
					"$(inherited)",
					"@executable_path/Frameworks",
				);
				PRODUCT_BUNDLE_IDENTIFIER = finalProj.Rummage;
				PRODUCT_NAME = "$(TARGET_NAME)";
				SWIFT_VERSION = 5.0;
				TARGETED_DEVICE_FAMILY = "1,2";
			};
			name = Debug;
		};
		EB6EC9C4273B31B0005CC11A /* Release */ = {
			isa = XCBuildConfiguration;
			buildSettings = {
				ASSETCATALOG_COMPILER_APPICON_NAME = AppIcon;
				ASSETCATALOG_COMPILER_GLOBAL_ACCENT_COLOR_NAME = AccentColor;
				CODE_SIGN_STYLE = Automatic;
				DEVELOPMENT_TEAM = THJ4V8DHNA;
				INFOPLIST_FILE = Rummage/Info.plist;
				LD_RUNPATH_SEARCH_PATHS = (
					"$(inherited)",
					"@executable_path/Frameworks",
				);
				PRODUCT_BUNDLE_IDENTIFIER = finalProj.Rummage;
				PRODUCT_NAME = "$(TARGET_NAME)";
				SWIFT_VERSION = 5.0;
				TARGETED_DEVICE_FAMILY = "1,2";
			};
			name = Release;
		};
/* End XCBuildConfiguration section */

/* Begin XCConfigurationList section */
		EB6EC9A9273B31AF005CC11A /* Build configuration list for PBXProject "Rummage" */ = {
			isa = XCConfigurationList;
			buildConfigurations = (
				EB6EC9C0273B31B0005CC11A /* Debug */,
				EB6EC9C1273B31B0005CC11A /* Release */,
			);
			defaultConfigurationIsVisible = 0;
			defaultConfigurationName = Release;
		};
		EB6EC9C2273B31B0005CC11A /* Build configuration list for PBXNativeTarget "Rummage" */ = {
			isa = XCConfigurationList;
			buildConfigurations = (
				EB6EC9C3273B31B0005CC11A /* Debug */,
				EB6EC9C4273B31B0005CC11A /* Release */,
			);
			defaultConfigurationIsVisible = 0;
			defaultConfigurationName = Release;
		};
/* End XCConfigurationList section */

/* Begin XCRemoteSwiftPackageReference section */
		B800599B275BF249004F8CF1 /* XCRemoteSwiftPackageReference "firebase-ios-sdk" */ = {
			isa = XCRemoteSwiftPackageReference;
			repositoryURL = "https://github.com/firebase/firebase-ios-sdk";
			requirement = {
				kind = upToNextMajorVersion;
				minimumVersion = 8.10.0;
			};
		};
/* End XCRemoteSwiftPackageReference section */

/* Begin XCSwiftPackageProductDependency section */
		B800599C275BF249004F8CF1 /* FirebaseAppDistribution-Beta */ = {
			isa = XCSwiftPackageProductDependency;
			package = B800599B275BF249004F8CF1 /* XCRemoteSwiftPackageReference "firebase-ios-sdk" */;
			productName = "FirebaseAppDistribution-Beta";
		};
		B800599E275BF249004F8CF1 /* FirebaseAuthCombine-Community */ = {
			isa = XCSwiftPackageProductDependency;
			package = B800599B275BF249004F8CF1 /* XCRemoteSwiftPackageReference "firebase-ios-sdk" */;
			productName = "FirebaseAuthCombine-Community";
		};
		B80059A0275BF249004F8CF1 /* FirebaseFunctionsCombine-Community */ = {
			isa = XCSwiftPackageProductDependency;
			package = B800599B275BF249004F8CF1 /* XCRemoteSwiftPackageReference "firebase-ios-sdk" */;
			productName = "FirebaseFunctionsCombine-Community";
		};
		B80059A2275BF249004F8CF1 /* FirebaseInAppMessagingSwift-Beta */ = {
			isa = XCSwiftPackageProductDependency;
			package = B800599B275BF249004F8CF1 /* XCRemoteSwiftPackageReference "firebase-ios-sdk" */;
			productName = "FirebaseInAppMessagingSwift-Beta";
		};
		B80059A4275BF249004F8CF1 /* FirebaseInstallations */ = {
			isa = XCSwiftPackageProductDependency;
			package = B800599B275BF249004F8CF1 /* XCRemoteSwiftPackageReference "firebase-ios-sdk" */;
			productName = FirebaseInstallations;
		};
		B80059A6275BF249004F8CF1 /* FirebaseMessaging */ = {
			isa = XCSwiftPackageProductDependency;
			package = B800599B275BF249004F8CF1 /* XCRemoteSwiftPackageReference "firebase-ios-sdk" */;
			productName = FirebaseMessaging;
		};
		B80059A8275BF249004F8CF1 /* FirebaseInAppMessaging-Beta */ = {
			isa = XCSwiftPackageProductDependency;
			package = B800599B275BF249004F8CF1 /* XCRemoteSwiftPackageReference "firebase-ios-sdk" */;
			productName = "FirebaseInAppMessaging-Beta";
		};
		B80059AA275BF249004F8CF1 /* FirebaseStorage */ = {
			isa = XCSwiftPackageProductDependency;
			package = B800599B275BF249004F8CF1 /* XCRemoteSwiftPackageReference "firebase-ios-sdk" */;
			productName = FirebaseStorage;
		};
		B80059AC275BF249004F8CF1 /* FirebaseAppCheck */ = {
			isa = XCSwiftPackageProductDependency;
			package = B800599B275BF249004F8CF1 /* XCRemoteSwiftPackageReference "firebase-ios-sdk" */;
			productName = FirebaseAppCheck;
		};
		B80059AE275BF249004F8CF1 /* FirebaseAnalytics */ = {
			isa = XCSwiftPackageProductDependency;
			package = B800599B275BF249004F8CF1 /* XCRemoteSwiftPackageReference "firebase-ios-sdk" */;
			productName = FirebaseAnalytics;
		};
		B80059B0275BF249004F8CF1 /* FirebaseDatabaseSwift-Beta */ = {
			isa = XCSwiftPackageProductDependency;
			package = B800599B275BF249004F8CF1 /* XCRemoteSwiftPackageReference "firebase-ios-sdk" */;
			productName = "FirebaseDatabaseSwift-Beta";
		};
		B80059B2275BF249004F8CF1 /* FirebaseDatabase */ = {
			isa = XCSwiftPackageProductDependency;
			package = B800599B275BF249004F8CF1 /* XCRemoteSwiftPackageReference "firebase-ios-sdk" */;
			productName = FirebaseDatabase;
		};
		B80059B4275BF249004F8CF1 /* FirebaseAnalyticsSwift-Beta */ = {
			isa = XCSwiftPackageProductDependency;
			package = B800599B275BF249004F8CF1 /* XCRemoteSwiftPackageReference "firebase-ios-sdk" */;
			productName = "FirebaseAnalyticsSwift-Beta";
		};
		B80059B6275BF249004F8CF1 /* FirebaseFunctions */ = {
			isa = XCSwiftPackageProductDependency;
			package = B800599B275BF249004F8CF1 /* XCRemoteSwiftPackageReference "firebase-ios-sdk" */;
			productName = FirebaseFunctions;
		};
		B80059B8275BF249004F8CF1 /* FirebaseAuth */ = {
			isa = XCSwiftPackageProductDependency;
			package = B800599B275BF249004F8CF1 /* XCRemoteSwiftPackageReference "firebase-ios-sdk" */;
			productName = FirebaseAuth;
		};
		B80059BA275BF249004F8CF1 /* FirebaseAnalyticsWithoutAdIdSupport */ = {
			isa = XCSwiftPackageProductDependency;
			package = B800599B275BF249004F8CF1 /* XCRemoteSwiftPackageReference "firebase-ios-sdk" */;
			productName = FirebaseAnalyticsWithoutAdIdSupport;
		};
		B80059BC275BF249004F8CF1 /* FirebaseRemoteConfig */ = {
			isa = XCSwiftPackageProductDependency;
			package = B800599B275BF249004F8CF1 /* XCRemoteSwiftPackageReference "firebase-ios-sdk" */;
			productName = FirebaseRemoteConfig;
		};
		B80059BE275BF249004F8CF1 /* FirebaseStorageCombine-Community */ = {
			isa = XCSwiftPackageProductDependency;
			package = B800599B275BF249004F8CF1 /* XCRemoteSwiftPackageReference "firebase-ios-sdk" */;
			productName = "FirebaseStorageCombine-Community";
		};
		B80059C0275BF249004F8CF1 /* FirebaseStorageSwift-Beta */ = {
			isa = XCSwiftPackageProductDependency;
			package = B800599B275BF249004F8CF1 /* XCRemoteSwiftPackageReference "firebase-ios-sdk" */;
			productName = "FirebaseStorageSwift-Beta";
		};
/* End XCSwiftPackageProductDependency section */
	};
	rootObject = EB6EC9A6273B31AF005CC11A /* Project object */;
}
